
Microsoft Visual Studio Solution File, Format Version 12.00
# Visual Studio Version 16
VisualStudioVersion = 16.0.31313.79
MinimumVisualStudioVersion = 10.0.40219.1
Project("{9A19103F-16F7-4668-BE54-9A1E7A4F7556}") = "SportStoreMongoAsp", "..\SportStoreMongoAsp.csproj", "{7100CAC6-3E3D-45D4-AA38-D114D571DF6E}"
EndProject
Global
	GlobalSection(SolutionConfigurationPlatforms) = preSolution
		Debug|Any CPU = Debug|Any CPU
		Release|Any CPU = Release|Any CPU
	EndGlobalSection
	GlobalSection(ProjectConfigurationPlatforms) = postSolution
		{7100CAC6-3E3D-45D4-AA38-D114D571DF6E}.Debug|Any CPU.ActiveCfg = Debug|Any CPU
		{7100CAC6-3E3D-45D4-AA38-D114D571DF6E}.Debug|Any CPU.Build.0 = Debug|Any CPU
		{7100CAC6-3E3D-45D4-AA38-D114D571DF6E}.Release|Any CPU.ActiveCfg = Release|Any CPU
		{7100CAC6-3E3D-45D4-AA38-D114D571DF6E}.Release|Any CPU.Build.0 = Release|Any CPU
	EndGlobalSection
	GlobalSection(SolutionProperties) = preSolution
		HideSolutionNode = FALSE
	EndGlobalSection
	GlobalSection(ExtensibilityGlobals) = postSolution
		SolutionGuid = {1F10FC54-64D6-4266-98DA-8D79D99AE2B3}
	EndGlobalSection
EndGlobal
